<?xml version="1.0" encoding="utf-8"?>
<Project ToolsVersion="4.0" xmlns="http://schemas.microsoft.com/developer/msbuild/2003">
  <ItemGroup>
    <Filter Include="Source Files">
      <UniqueIdentifier>{4FC737F1-C7A5-4376-A066-2A32D752A2FF}</UniqueIdentifier>
      <Extensions>cpp;c;cc;cxx;c++;cppm;ixx;def;odl;idl;hpj;bat;asm;asmx</Extensions>
    </Filter>
    <Filter Include="Header Files">
      <UniqueIdentifier>{93995380-89BD-4b04-88EB-625FBE52EBFB}</UniqueIdentifier>
      <Extensions>h;hh;hpp;hxx;h++;hm;inl;inc;ipp;xsd</Extensions>
    </Filter>
    <Filter Include="Resource Files">
      <UniqueIdentifier>{67DA6AB6-F800-4c08-8B7A-83BB121AAD01}</UniqueIdentifier>
      <Extensions>rc;ico;cur;bmp;dlg;rc2;rct;bin;rgs;gif;jpg;jpeg;jpe;resx;tiff;tif;png;wav;mfcribbon-ms</Extensions>
    </Filter>
  </ItemGroup>
  <ItemGroup>
    <ClInclude Include="include\main.h">
      <Filter>Header Files</Filter>
    </ClInclude>
    <ClInclude Include="vulkan\vkInit\include\device.h">
      <Filter>Header Files</Filter>
    </ClInclude>
    <ClInclude Include="vulkan\vkInit\include\discription.h">
      <Filter>Header Files</Filter>
    </ClInclude>
    <ClInclude Include="vulkan\vkInit\include\instance.h">
      <Filter>Header Files</Filter>
    </ClInclude>
    <ClInclude Include="vulkan\vkInit\include\logging.h">
      <Filter>Header Files</Filter>
    </ClInclude>
    <ClInclude Include="vulkan\vkInit\include\pipeline.h">
      <Filter>Header Files</Filter>
    </ClInclude>
    <ClInclude Include="vulkan\vkInit\include\swapchain.h">
      <Filter>Header Files</Filter>
    </ClInclude>
    <ClInclude Include="vulkan\tools\include\base_engine.h">
      <Filter>Header Files</Filter>
    </ClInclude>
    <ClInclude Include="vulkan\vkUtil\include\buffers.h">
      <Filter>Header Files</Filter>
    </ClInclude>
    <ClInclude Include="vulkan\vkUtil\include\command.h">
      <Filter>Header Files</Filter>
    </ClInclude>
    <ClInclude Include="vulkan\tools\include\engine.h">
      <Filter>Header Files</Filter>
    </ClInclude>
    <ClInclude Include="vulkan\vkUtil\include\framebuffer.h">
      <Filter>Header Files</Filter>
    </ClInclude>
    <ClInclude Include="vulkan\vkUtil\include\IndexBuffer.h">
      <Filter>Header Files</Filter>
    </ClInclude>
    <ClInclude Include="vulkan\vkUtil\include\memory.h">
      <Filter>Header Files</Filter>
    </ClInclude>
    <ClInclude Include="vulkan\vkUtil\include\mesh.h">
      <Filter>Header Files</Filter>
    </ClInclude>
    <ClInclude Include="vulkan\vkUtil\include\queue_families.h">
      <Filter>Header Files</Filter>
    </ClInclude>
    <ClInclude Include="vulkan\tools\include\scene.h">
      <Filter>Header Files</Filter>
    </ClInclude>
    <ClInclude Include="vulkan\vkUtil\include\shader.h">
      <Filter>Header Files</Filter>
    </ClInclude>
    <ClInclude Include="vulkan\tools\include\stride.h">
      <Filter>Header Files</Filter>
    </ClInclude>
    <ClInclude Include="vulkan\vkUtil\include\sync.h">
      <Filter>Header Files</Filter>
    </ClInclude>
    <ClInclude Include="vulkan\tools\include\timer.h">
      <Filter>Header Files</Filter>
    </ClInclude>
    <ClInclude Include="vulkan\vkUtil\include\vertex.h">
      <Filter>Header Files</Filter>
    </ClInclude>
    <ClInclude Include="vulkan\vkUtil\include\VertexBuffer.h">
      <Filter>Header Files</Filter>
    </ClInclude>
    <ClInclude Include="vulkan\vkUtil\include\render_structs.h">
      <Filter>Header Files</Filter>
    </ClInclude>
    <ClInclude Include="vulkan\vkUtil\include\swapchain_frames.h">
      <Filter>Header Files</Filter>
    </ClInclude>
    <ClInclude Include="vulkan\tools\include\window.h">
      <Filter>Header Files</Filter>
    </ClInclude>
    <ClInclude Include="vulkan\tools\include\keys.h">
      <Filter>Header Files</Filter>
    </ClInclude>
    <ClInclude Include="global\pch.h">
      <Filter>Header Files</Filter>
    </ClInclude>
    <ClInclude Include="global\config.h">
      <Filter>Header Files</Filter>
    </ClInclude>
    <ClInclude Include="vulkan\vkUtil\include\base_buffer.h">
      <Filter>Header Files</Filter>
    </ClInclude>
    <ClInclude Include="vulkan\vkUtil\include\vertex_base.h">
      <Filter>Header Files</Filter>
    </ClInclude>
    <ClInclude Include="vulkan\tools\include\json_reader.h">
      <Filter>Header Files</Filter>
    </ClInclude>
    <ClInclude Include="vulkan\tools\include\const_push_registry.h">
      <Filter>Header Files</Filter>
    </ClInclude>
    <ClInclude Include="vulkan\vkUtil\include\pipeline_bundles.h">
      <Filter>Header Files</Filter>
    </ClInclude>
    <ClInclude Include="vulkan\vkInit\include\user_inputs.h">
      <Filter>Header Files</Filter>
    </ClInclude>
    <ClInclude Include="vulkan\vkInit\include\predefines.h">
      <Filter>Header Files</Filter>
    </ClInclude>
    <ClInclude Include="vulkan\vkInit\include\debug.h">
      <Filter>Header Files</Filter>
    </ClInclude>
    <ClInclude Include="vulkan\vkInit\include\types.h">
      <Filter>Header Files</Filter>
    </ClInclude>
    <ClInclude Include="vulkan\vkUtil\include\camera.h">
      <Filter>Header Files</Filter>
    </ClInclude>
    <ClInclude Include="vulkan\vkUtil\include\camera_bundle.h">
      <Filter>Header Files</Filter>
    </ClInclude>
    <ClInclude Include="vulkan\vkInit\include\descriptor_set.h">
      <Filter>Header Files</Filter>
    </ClInclude>
    <ClInclude Include="vulkan\vkInit\include\descriptor_set_bundles.h">
      <Filter>Header Files</Filter>
    </ClInclude>
    <ClInclude Include="vulkan\vkUtil\include\shader_bundles.h">
      <Filter>Header Files</Filter>
    </ClInclude>
    <ClInclude Include="vulkan\tools\include\descriptor_set_registry.h">
      <Filter>Header Files</Filter>
    </ClInclude>
    <ClInclude Include="vulkan\vkUtil\include\window_input_bundles.h">
      <Filter>Header Files</Filter>
    </ClInclude>
    <ClInclude Include="vulkan\vkInit\include\push_constants.h">
      <Filter>Header Files</Filter>
    </ClInclude>
    <ClInclude Include="vulkan\tools\include\memory_pool.h">
      <Filter>Header Files</Filter>
    </ClInclude>
    <ClInclude Include="vulkan\tools\include\memory_pool_container.h">
      <Filter>Header Files</Filter>
    </ClInclude>
    <ClInclude Include="vulkan\tools\include\thread.h">
      <Filter>Header Files</Filter>
    </ClInclude>
    <ClInclude Include="vulkan\tools\include\key_control.h">
      <Filter>Header Files</Filter>
    </ClInclude>
    <ClInclude Include="vulkan\tools\include\aabb_button_control.h">
      <Filter>Header Files</Filter>
    </ClInclude>
    <ClInclude Include="vulkan\tools\include\mouse_control.h">
      <Filter>Header Files</Filter>
    </ClInclude>
    <ClInclude Include="vulkan\tools\include\key_usage_registry.h">
      <Filter>Header Files</Filter>
    </ClInclude>
  </ItemGroup>
  <ItemGroup>
    <ClCompile Include="src\main.cpp">
      <Filter>Source Files</Filter>
    </ClCompile>
    <ClCompile Include="vulkan\vkInit\src\device.cpp">
      <Filter>Source Files</Filter>
    </ClCompile>
    <ClCompile Include="vulkan\vkInit\src\discription.cpp">
      <Filter>Source Files</Filter>
    </ClCompile>
    <ClCompile Include="vulkan\vkInit\src\instance.cpp">
      <Filter>Source Files</Filter>
    </ClCompile>
    <ClCompile Include="vulkan\vkInit\src\logging.cpp">
      <Filter>Source Files</Filter>
    </ClCompile>
    <ClCompile Include="vulkan\vkInit\src\pipeline.cpp">
      <Filter>Source Files</Filter>
    </ClCompile>
    <ClCompile Include="vulkan\vkInit\src\swapchain.cpp">
      <Filter>Source Files</Filter>
    </ClCompile>
    <ClCompile Include="vulkan\tools\src\base_engine.cpp">
      <Filter>Source Files</Filter>
    </ClCompile>
    <ClCompile Include="vulkan\vkUtil\src\command.cpp">
      <Filter>Source Files</Filter>
    </ClCompile>
    <ClCompile Include="vulkan\tools\src\engine.cpp">
      <Filter>Source Files</Filter>
    </ClCompile>
    <ClCompile Include="vulkan\vkUtil\src\framebuffer.cpp">
      <Filter>Source Files</Filter>
    </ClCompile>
    <ClCompile Include="vulkan\vkUtil\src\IndexBuffer.cpp">
      <Filter>Source Files</Filter>
    </ClCompile>
    <ClCompile Include="vulkan\vkUtil\src\memory.cpp">
      <Filter>Source Files</Filter>
    </ClCompile>
    <ClCompile Include="vulkan\vkUtil\src\mesh.cpp">
      <Filter>Source Files</Filter>
    </ClCompile>
    <ClCompile Include="vulkan\vkUtil\src\queue_families.cpp">
      <Filter>Source Files</Filter>
    </ClCompile>
    <ClCompile Include="vulkan\tools\src\scene.cpp">
      <Filter>Source Files</Filter>
    </ClCompile>
    <ClCompile Include="vulkan\vkUtil\src\shader.cpp">
      <Filter>Source Files</Filter>
    </ClCompile>
    <ClCompile Include="vulkan\tools\src\stride.cpp">
      <Filter>Source Files</Filter>
    </ClCompile>
    <ClCompile Include="vulkan\vkUtil\src\sync.cpp">
      <Filter>Source Files</Filter>
    </ClCompile>
    <ClCompile Include="vulkan\tools\src\timer.cpp">
      <Filter>Source Files</Filter>
    </ClCompile>
    <ClCompile Include="vulkan\vkUtil\src\vertex.cpp">
      <Filter>Source Files</Filter>
    </ClCompile>
    <ClCompile Include="vulkan\vkUtil\src\VertexBuffer.cpp">
      <Filter>Source Files</Filter>
    </ClCompile>
    <ClCompile Include="vulkan\vkUtil\src\swapchain_frames.cpp">
      <Filter>Source Files</Filter>
    </ClCompile>
    <ClCompile Include="vulkan\tools\src\window.cpp">
      <Filter>Source Files</Filter>
    </ClCompile>
    <ClCompile Include="vulkan\tools\include\window_input.h">
      <Filter>Source Files</Filter>
    </ClCompile>
    <ClCompile Include="global\pch.cpp">
      <Filter>Source Files</Filter>
    </ClCompile>
    <ClCompile Include="vulkan\tools\src\window_input.cpp">
      <Filter>Source Files</Filter>
    </ClCompile>
    <ClCompile Include="vulkan\vkUtil\src\base_buffer.cpp">
      <Filter>Source Files</Filter>
    </ClCompile>
    <ClCompile Include="vulkan\tools\src\json_reader.cpp">
      <Filter>Source Files</Filter>
    </ClCompile>
    <ClCompile Include="vulkan\vkUtil\src\render_structs.cpp">
      <Filter>Source Files</Filter>
    </ClCompile>
    <ClCompile Include="vulkan\tools\src\const_push_registry.cpp">
      <Filter>Source Files</Filter>
    </ClCompile>
    <ClCompile Include="vulkan\vkUtil\src\camera.cpp">
      <Filter>Source Files</Filter>
    </ClCompile>
    <ClCompile Include="vulkan\vkInit\src\descriptor_set.cpp">
      <Filter>Source Files</Filter>
    </ClCompile>
    <ClCompile Include="vulkan\tools\src\descriptor_set_registry.cpp">
      <Filter>Source Files</Filter>
    </ClCompile>
    <ClCompile Include="vulkan\vkUtil\src\shader_bundles.cpp">
      <Filter>Source Files</Filter>
    </ClCompile>
    <ClCompile Include="vulkan\vkInit\src\push_constants.cpp">
      <Filter>Source Files</Filter>
    </ClCompile>
    <ClCompile Include="vulkan\vkInit\src\descriptor_set_bundles.cpp">
      <Filter>Source Files</Filter>
    </ClCompile>
    <ClCompile Include="vulkan\tools\src\memory_pool.cpp">
      <Filter>Source Files</Filter>
    </ClCompile>
    <ClCompile Include="vulkan\tools\src\memory_pool_container.cpp">
      <Filter>Source Files</Filter>
    </ClCompile>
    <ClCompile Include="vulkan\tools\src\thread.cpp">
      <Filter>Source Files</Filter>
    </ClCompile>
    <ClCompile Include="vulkan\tools\src\key_control.cpp">
      <Filter>Source Files</Filter>
    </ClCompile>
    <ClCompile Include="vulkan\tools\src\aabb_button_control.cpp">
      <Filter>Source Files</Filter>
    </ClCompile>
    <ClCompile Include="vulkan\tools\src\mouse_control.cpp">
      <Filter>Source Files</Filter>
    </ClCompile>
    <ClCompile Include="vulkan\tools\src\key_usage_registry.cpp">
      <Filter>Source Files</Filter>
    </ClCompile>
  </ItemGroup>
  <ItemGroup>
    <None Include="json\push_const.json" />
    <None Include="..\shaders\vertex.vert" />
    <None Include="..\shaders\fragment.frag" />
    <None Include="json\descriptor_sets.json" />
    <None Include="vulkan\tools\include\key_control.inl">
      <Filter>Header Files</Filter>
    </None>
    <None Include="vulkan\tools\include\aabb_button_control.inl">
      <Filter>Header Files</Filter>
    </None>
  </ItemGroup>
  <ItemGroup>
    <Text Include="global\descriptor_sets.json" />
  </ItemGroup>
</Project>